
Microsoft Visual Studio Solution File, Format Version 12.00
# Visual Studio Version 17
VisualStudioVersion = 17.5.002.0
MinimumVisualStudioVersion = 10.0.40219.1
Project("{9A19103F-16F7-4668-BE54-9A1E7A4F7556}") = "Leet", "Leet.csproj", "{E3AE31C6-B051-4D20-96FC-D77E6FFE9A94}"
EndProject
Global
	GlobalSection(SolutionConfigurationPlatforms) = preSolution
		Debug|Any CPU = Debug|Any CPU
		Release|Any CPU = Release|Any CPU
	EndGlobalSection
	GlobalSection(ProjectConfigurationPlatforms) = postSolution
		{E3AE31C6-B051-4D20-96FC-D77E6FFE9A94}.Debug|Any CPU.ActiveCfg = Debug|Any CPU
		{E3AE31C6-B051-4D20-96FC-D77E6FFE9A94}.Debug|Any CPU.Build.0 = Debug|Any CPU
		{E3AE31C6-B051-4D20-96FC-D77E6FFE9A94}.Release|Any CPU.ActiveCfg = Release|Any CPU
		{E3AE31C6-B051-4D20-96FC-D77E6FFE9A94}.Release|Any CPU.Build.0 = Release|Any CPU
	EndGlobalSection
	GlobalSection(SolutionProperties) = preSolution
		HideSolutionNode = FALSE
	EndGlobalSection
	GlobalSection(ExtensibilityGlobals) = postSolution
		SolutionGuid = {853F9CED-C1D0-4CFB-B95A-4239EA25DCC1}
	EndGlobalSection
EndGlobal
